hash: 808fc4b81540640ca6294a6cbfd815f1cc83cdb192abf6eb90a4f33c37c456df
updated: 2018-08-14T11:50:04.228534-07:00
imports:
- name: github.com/gomodule/redigo
  version: 2cd21d9966bf7ff9ae091419744f0b3fb0fecace
  subpackages:
  - internal
  - redis
- name: github.com/gorilla/context
  version: 08b5f424b9271eedf6f9f0ce86cb9396ed337a42
- name: github.com/gorilla/mux
  version: e48e440e4c92e3251d812f8ce7858944dfa3331c
- name: github.com/gorilla/websocket
  version: 5ed622c449da6d44c3c8329331ff47a9e5844f71
- name: github.com/satori/go.uuid
  version: 36e9d2ebbde5e3f13ab2e25625fd453271d6522e
- name: github.com/tidwall/gjson
  version: 1e3f6aeaa5bad08d777ea7807b279a07885dd8b2
- name: github.com/tidwall/match
  version: 1731857f09b1f38450e2c12409748407822dc6be
- name: github.com/tidwall/sjson
  version: 6a22caf2fd45d5e2119bfc3717e984f15a7eb7ee
- name: github.com/tile38/msgkit
  version: 7823c587210a290ffe1f12721a16d816080fc1e9
  subpackages:
  - safews
testImports: []
